
Microsoft Visual Studio Solution File, Format Version 12.00
# Visual Studio Version 16
VisualStudioVersion = 16.0.31025.194
MinimumVisualStudioVersion = 10.0.40219.1
Project("{FAE04EC0-301F-11D3-BF4B-00C04F79EFBC}") = "Pixelstats", "Pixelstats.csproj", "{39799891-9638-4EDC-852B-1F0030540634}"
EndProject
Global
	GlobalSection(SolutionConfigurationPlatforms) = preSolution
		Debug|Any CPU = Debug|Any CPU
		Release|Any CPU = Release|Any CPU
	EndGlobalSection
	GlobalSection(ProjectConfigurationPlatforms) = postSolution
		{39799891-9638-4EDC-852B-1F0030540634}.Debug|Any CPU.ActiveCfg = Debug|Any CPU
		{39799891-9638-4EDC-852B-1F0030540634}.Debug|Any CPU.Build.0 = Debug|Any CPU
		{39799891-9638-4EDC-852B-1F0030540634}.Release|Any CPU.ActiveCfg = Release|Any CPU
		{39799891-9638-4EDC-852B-1F0030540634}.Release|Any CPU.Build.0 = Release|Any CPU
	EndGlobalSection
	GlobalSection(SolutionProperties) = preSolution
		HideSolutionNode = FALSE
	EndGlobalSection
	GlobalSection(ExtensibilityGlobals) = postSolution
		SolutionGuid = {08312632-7490-4401-8666-C4F451D83A10}
	EndGlobalSection
EndGlobal
